<?xml version="1.0" encoding="utf-8"?>
<Project ToolsVersion="4.0" xmlns="http://schemas.microsoft.com/developer/msbuild/2003">
  <ItemGroup>
    <Filter Include="源文件">
      <UniqueIdentifier>{4FC737F1-C7A5-4376-A066-2A32D752A2FF}</UniqueIdentifier>
      <Extensions>cpp;c;cc;cxx;c++;cppm;ixx;def;odl;idl;hpj;bat;asm;asmx</Extensions>
    </Filter>
    <Filter Include="头文件">
      <UniqueIdentifier>{93995380-89BD-4b04-88EB-625FBE52EBFB}</UniqueIdentifier>
      <Extensions>h;hh;hpp;hxx;h++;hm;inl;inc;ipp;xsd</Extensions>
    </Filter>
    <Filter Include="资源文件">
      <UniqueIdentifier>{67DA6AB6-F800-4c08-8B7A-83BB121AAD01}</UniqueIdentifier>
      <Extensions>rc;ico;cur;bmp;dlg;rc2;rct;bin;rgs;gif;jpg;jpeg;jpe;resx;tiff;tif;png;wav;mfcribbon-ms</Extensions>
    </Filter>
  </ItemGroup>
  <ItemGroup>
    <ClCompile Include="202212-1现值计算.cpp">
      <Filter>源文件</Filter>
    </ClCompile>
    <ClCompile Include="202209-1如此编码.cpp">
      <Filter>源文件</Filter>
    </ClCompile>
    <ClCompile Include="202206-1归一化处理.cpp">
      <Filter>源文件</Filter>
    </ClCompile>
    <ClCompile Include="202203-1未初始化警告.cpp">
      <Filter>源文件</Filter>
    </ClCompile>
    <ClCompile Include="202112-1序列查询.cpp">
      <Filter>源文件</Filter>
    </ClCompile>
    <ClCompile Include="202109-1数组推导.cpp">
      <Filter>源文件</Filter>
    </ClCompile>
    <ClCompile Include="202012-1期末预测之安全指数.cpp">
      <Filter>源文件</Filter>
    </ClCompile>
    <ClCompile Include="202104-1灰度直方图.cpp">
      <Filter>源文件</Filter>
    </ClCompile>
    <ClCompile Include="202009-1称检测点查询.cpp">
      <Filter>源文件</Filter>
    </ClCompile>
    <ClCompile Include="201912-1报数.cpp">
      <Filter>源文件</Filter>
    </ClCompile>
    <ClCompile Include="202006-1线性分类器.cpp">
      <Filter>源文件</Filter>
    </ClCompile>
    <ClCompile Include="201909-1小明种苹果.cpp">
      <Filter>源文件</Filter>
    </ClCompile>
    <ClCompile Include="201903-1小中大.cpp">
      <Filter>源文件</Filter>
    </ClCompile>
    <ClCompile Include="201812-1小明上学.cpp">
      <Filter>源文件</Filter>
    </ClCompile>
    <ClCompile Include="201809-1卖菜.cpp">
      <Filter>源文件</Filter>
    </ClCompile>
    <ClCompile Include="201803-1跳一跳.cpp">
      <Filter>源文件</Filter>
    </ClCompile>
    <ClCompile Include="201712-1最小差值.cpp">
      <Filter>源文件</Filter>
    </ClCompile>
    <ClCompile Include="201709-1打酱油.cpp">
      <Filter>源文件</Filter>
    </ClCompile>
    <ClCompile Include="201703-1分蛋糕.cpp">
      <Filter>源文件</Filter>
    </ClCompile>
    <ClCompile Include="201612-1中间数.cpp">
      <Filter>源文件</Filter>
    </ClCompile>
    <ClCompile Include="201609-1最大波动.cpp">
      <Filter>源文件</Filter>
    </ClCompile>
    <ClCompile Include="201604-1折点计数.cpp">
      <Filter>源文件</Filter>
    </ClCompile>
    <ClCompile Include="201512-1数位之和.cpp">
      <Filter>源文件</Filter>
    </ClCompile>
    <ClCompile Include="201509-1数列分段.cpp">
      <Filter>源文件</Filter>
    </ClCompile>
    <ClCompile Include="201503-1图像旋转.cpp">
      <Filter>源文件</Filter>
    </ClCompile>
    <ClCompile Include="201412-1门禁系统.cpp">
      <Filter>源文件</Filter>
    </ClCompile>
    <ClCompile Include="201409-1相邻数对.cpp">
      <Filter>源文件</Filter>
    </ClCompile>
    <ClCompile Include="201403-1相反数.cpp">
      <Filter>源文件</Filter>
    </ClCompile>
    <ClCompile Include="201312-1出现次数最多的数.cpp">
      <Filter>源文件</Filter>
    </ClCompile>
    <ClCompile Include="201312-2ISBN号码.cpp">
      <Filter>源文件</Filter>
    </ClCompile>
    <ClCompile Include="201403-2窗口.cpp">
      <Filter>源文件</Filter>
    </ClCompile>
    <ClCompile Include="201409-2画图.cpp">
      <Filter>源文件</Filter>
    </ClCompile>
    <ClCompile Include="201412-2Z字形扫描.cpp">
      <Filter>源文件</Filter>
    </ClCompile>
    <ClCompile Include="201503-2数字排序.cpp">
      <Filter>源文件</Filter>
    </ClCompile>
    <ClCompile Include="201509-2日期计算.cpp">
      <Filter>源文件</Filter>
    </ClCompile>
  </ItemGroup>
</Project>